
Microsoft Visual Studio Solution File, Format Version 12.00
# Visual Studio Version 16
VisualStudioVersion = 16.0.30204.135
MinimumVisualStudioVersion = 10.0.40219.1
Project("{9A19103F-16F7-4668-BE54-9A1E7A4F7556}") = "Blazor-ModManager", "Blazor-ModManager\Blazor-ModManager.csproj", "{ACF35580-4177-4EF0-9340-F3FDE95689BE}"
EndProject
Project("{FAE04EC0-301F-11D3-BF4B-00C04F79EFBC}") = "Db", "Db\Db.csproj", "{FE0776FF-A7EF-4DE5-A0C7-A6B362870409}"
EndProject
Global
	GlobalSection(SolutionConfigurationPlatforms) = preSolution
		Debug|Any CPU = Debug|Any CPU
		Release|Any CPU = Release|Any CPU
	EndGlobalSection
	GlobalSection(ProjectConfigurationPlatforms) = postSolution
		{ACF35580-4177-4EF0-9340-F3FDE95689BE}.Debug|Any CPU.ActiveCfg = Debug|Any CPU
		{ACF35580-4177-4EF0-9340-F3FDE95689BE}.Debug|Any CPU.Build.0 = Debug|Any CPU
		{ACF35580-4177-4EF0-9340-F3FDE95689BE}.Release|Any CPU.ActiveCfg = Release|Any CPU
		{ACF35580-4177-4EF0-9340-F3FDE95689BE}.Release|Any CPU.Build.0 = Release|Any CPU
		{FE0776FF-A7EF-4DE5-A0C7-A6B362870409}.Debug|Any CPU.ActiveCfg = Debug|Any CPU
		{FE0776FF-A7EF-4DE5-A0C7-A6B362870409}.Debug|Any CPU.Build.0 = Debug|Any CPU
		{FE0776FF-A7EF-4DE5-A0C7-A6B362870409}.Release|Any CPU.ActiveCfg = Release|Any CPU
		{FE0776FF-A7EF-4DE5-A0C7-A6B362870409}.Release|Any CPU.Build.0 = Release|Any CPU
	EndGlobalSection
	GlobalSection(SolutionProperties) = preSolution
		HideSolutionNode = FALSE
	EndGlobalSection
	GlobalSection(ExtensibilityGlobals) = postSolution
		SolutionGuid = {0F152D8A-C50F-4BD2-BAB0-4BDC3A7A7C12}
	EndGlobalSection
EndGlobal
